
Microsoft Visual Studio Solution File, Format Version 12.00
# Visual Studio Version 17
VisualStudioVersion = 17.11.35327.3
MinimumVisualStudioVersion = 10.0.40219.1
Project("{9A19103F-16F7-4668-BE54-9A1E7A4F7556}") = "ArtSharing.Web", "ArtSharing.Web\ArtSharing.Web.csproj", "{6ABD9E66-0511-4CCC-9FA8-76E18363C54E}"
EndProject
Project("{9A19103F-16F7-4668-BE54-9A1E7A4F7556}") = "ArtSharing.Data.Models", "ArtSharing.Models\ArtSharing.Data.Models.csproj", "{18F0A02A-83F4-4341-BE67-21483BB35BD6}"
EndProject
Project("{FAE04EC0-301F-11D3-BF4B-00C04F79EFBC}") = "ArtSharing.Data", "ArtSharing.Data\ArtSharing.Data.csproj", "{EC78B9AE-F49D-41CC-98B4-3B19C2E3B009}"
EndProject
Global
	GlobalSection(SolutionConfigurationPlatforms) = preSolution
		Debug|Any CPU = Debug|Any CPU
		Release|Any CPU = Release|Any CPU
	EndGlobalSection
	GlobalSection(ProjectConfigurationPlatforms) = postSolution
		{6ABD9E66-0511-4CCC-9FA8-76E18363C54E}.Debug|Any CPU.ActiveCfg = Debug|Any CPU
		{6ABD9E66-0511-4CCC-9FA8-76E18363C54E}.Debug|Any CPU.Build.0 = Debug|Any CPU
		{6ABD9E66-0511-4CCC-9FA8-76E18363C54E}.Release|Any CPU.ActiveCfg = Release|Any CPU
		{6ABD9E66-0511-4CCC-9FA8-76E18363C54E}.Release|Any CPU.Build.0 = Release|Any CPU
		{18F0A02A-83F4-4341-BE67-21483BB35BD6}.Debug|Any CPU.ActiveCfg = Debug|Any CPU
		{18F0A02A-83F4-4341-BE67-21483BB35BD6}.Debug|Any CPU.Build.0 = Debug|Any CPU
		{18F0A02A-83F4-4341-BE67-21483BB35BD6}.Release|Any CPU.ActiveCfg = Release|Any CPU
		{18F0A02A-83F4-4341-BE67-21483BB35BD6}.Release|Any CPU.Build.0 = Release|Any CPU
		{EC78B9AE-F49D-41CC-98B4-3B19C2E3B009}.Debug|Any CPU.ActiveCfg = Debug|Any CPU
		{EC78B9AE-F49D-41CC-98B4-3B19C2E3B009}.Debug|Any CPU.Build.0 = Debug|Any CPU
		{EC78B9AE-F49D-41CC-98B4-3B19C2E3B009}.Release|Any CPU.ActiveCfg = Release|Any CPU
		{EC78B9AE-F49D-41CC-98B4-3B19C2E3B009}.Release|Any CPU.Build.0 = Release|Any CPU
	EndGlobalSection
	GlobalSection(SolutionProperties) = preSolution
		HideSolutionNode = FALSE
	EndGlobalSection
	GlobalSection(ExtensibilityGlobals) = postSolution
		SolutionGuid = {C3B784AF-B39B-4575-BEA8-F3A8D674B0A5}
	EndGlobalSection
EndGlobal
